# This file is automatically @generated by Cargo.
# It is not intended for manual editing.
version = 3

[[package]]
name = "ash"
version = "0.35.0+1.2.203"
source = "registry+https://github.com/rust-lang/crates.io-index"
checksum = "5a7638ce84f8c84d6fd6faa63aa267574d345181ba591c0eeb5550d4c30cd600"

[[package]]
name = "charlie-renderer"
version = "0.1.0"
dependencies = [
 "ash",
]
